{
    "_meta": {
        "hash": {
            "sha256": "996bb82c52800597d0f4fb05cd97b5f180688b1fa49f123a531e2206a46edfbc"
        },
        "requires": {
            "python_version": "3.6"
        },
        "sources": [
            {
                "url": "https://pypi.python.org/simple",
                "verify_ssl": true
            }
        ]
    },
    "default": {
        "click": {
            "version": "==6.7"
        },
        "flask": {
            "version": "==0.12.2"
        },
        "gunicorn": {
            "version": "==19.7.1"
        },
        "itsdangerous": {
            "version": "==0.24"
        },
        "jinja2": {
            "version": "==2.9.6"
        },
        "markupsafe": {
            "version": "==1.0"
        },
        "werkzeug": {
            "version": "==0.12.2"
        }
    },
    "develop": {
        "colorama": {
            "version": "==0.3.9"
        },
        "py": {
            "version": "==1.4.34"
        },
        "pytest": {
            "version": "==3.1.2"
        },
        "pytest-describe": {
            "version": "==0.11.0"
        },
        "pytest-expecter": {
            "version": "==0.2.2.post6"
        },
        "setuptools": {
            "version": "==36.0.1"
        }
    }
}
