{
    "_meta": {
        "hash": {
            "sha256": "37fa20abe12342fe5a8ca2e774bcfb9efd03764d9245920f71e4a738bd017451"
        },
        "requires": {
            "python_version": "3.6"
        },
        "sources": [
            {
                "url": "https://pypi.python.org/simple",
                "verify_ssl": true
            }
        ]
    },
    "default": {
        "click": {
            "version": "==6.7"
        },
        "flask": {
            "version": "==0.12.2"
        },
        "gunicorn": {
            "version": "==19.7.1"
        },
        "itsdangerous": {
            "version": "==0.24"
        },
        "jinja2": {
            "version": "==2.9.6"
        },
        "markupsafe": {
            "version": "==1.0"
        },
        "werkzeug": {
            "version": "==0.12.2"
        }
    },
    "develop": {}
}
